
Microsoft Visual Studio Solution File, Format Version 12.00
# Visual Studio Version 17
VisualStudioVersion = 17.2.32505.173
MinimumVisualStudioVersion = 10.0.40219.1
Project("{FAE04EC0-301F-11D3-BF4B-00C04F79EFBC}") = "Telega_Bot", "Telega_Bot\Telega_Bot.csproj", "{EA657A7A-0696-4918-80B6-4A4019B5AE66}"
EndProject
Global
	GlobalSection(SolutionConfigurationPlatforms) = preSolution
		Debug|Any CPU = Debug|Any CPU
		Release|Any CPU = Release|Any CPU
	EndGlobalSection
	GlobalSection(ProjectConfigurationPlatforms) = postSolution
		{EA657A7A-0696-4918-80B6-4A4019B5AE66}.Debug|Any CPU.ActiveCfg = Debug|Any CPU
		{EA657A7A-0696-4918-80B6-4A4019B5AE66}.Debug|Any CPU.Build.0 = Debug|Any CPU
		{EA657A7A-0696-4918-80B6-4A4019B5AE66}.Release|Any CPU.ActiveCfg = Release|Any CPU
		{EA657A7A-0696-4918-80B6-4A4019B5AE66}.Release|Any CPU.Build.0 = Release|Any CPU
	EndGlobalSection
	GlobalSection(SolutionProperties) = preSolution
		HideSolutionNode = FALSE
	EndGlobalSection
	GlobalSection(ExtensibilityGlobals) = postSolution
		SolutionGuid = {BDDC80B3-F543-457D-89E3-E7FB3B7F5589}
	EndGlobalSection
EndGlobal
